<?xml version="1.0" encoding="utf-8"?>
<Project ToolsVersion="4.0" xmlns="http://schemas.microsoft.com/developer/msbuild/2003">
  <ItemGroup>
    <Filter Include="Source Files">
      <UniqueIdentifier>{4FC737F1-C7A5-4376-A066-2A32D752A2FF}</UniqueIdentifier>
      <Extensions>cpp;c;cc;cxx;def;odl;idl;hpj;bat;asm;asmx</Extensions>
    </Filter>
    <Filter Include="Header Files">
      <UniqueIdentifier>{93995380-89BD-4b04-88EB-625FBE52EBFB}</UniqueIdentifier>
      <Extensions>h;hh;hpp;hxx;hm;inl;inc;ipp;xsd</Extensions>
    </Filter>
    <Filter Include="Resource Files">
      <UniqueIdentifier>{67DA6AB6-F800-4c08-8B7A-83BB121AAD01}</UniqueIdentifier>
      <Extensions>rc;ico;cur;bmp;dlg;rc2;rct;bin;rgs;gif;jpg;jpeg;jpe;resx;tiff;tif;png;wav;mfcribbon-ms</Extensions>
    </Filter>
    <Filter Include="Header Files\Internal">
      <UniqueIdentifier>{d2e4a797-db39-4837-8811-606d6e7d0666}</UniqueIdentifier>
    </Filter>
    <Filter Include="Source Files\Internal">
      <UniqueIdentifier>{b4adca0e-ff25-4647-ba3c-f0058001e133}</UniqueIdentifier>
    </Filter>
  </ItemGroup>
  <ItemGroup>
    <ClInclude Include="leansql.h">
      <Filter>Header Files</Filter>
    </ClInclude>
    <ClInclude Include="leansql\directory.h">
      <Filter>Header Files\Internal</Filter>
    </ClInclude>
    <ClInclude Include="leansql\util.h">
      <Filter>Header Files\Internal</Filter>
    </ClInclude>
    <ClInclude Include="leansql\vector.h">
      <Filter>Header Files\Internal</Filter>
    </ClInclude>
  </ItemGroup>
  <ItemGroup>
    <ClCompile Include="leansql.c">
      <Filter>Source Files</Filter>
    </ClCompile>
    <ClCompile Include="leansql\create.c">
      <Filter>Source Files</Filter>
    </ClCompile>
    <ClCompile Include="leansql\drop.c">
      <Filter>Source Files</Filter>
    </ClCompile>
    <ClCompile Include="leansql\insert.c">
      <Filter>Source Files</Filter>
    </ClCompile>
    <ClCompile Include="leansql\select.c">
      <Filter>Source Files</Filter>
    </ClCompile>
    <ClCompile Include="leansql\update.c">
      <Filter>Source Files</Filter>
    </ClCompile>
    <ClCompile Include="leansql\directory.c">
      <Filter>Source Files\Internal</Filter>
    </ClCompile>
    <ClCompile Include="leansql\util.c">
      <Filter>Source Files\Internal</Filter>
    </ClCompile>
    <ClCompile Include="leansql\vector.c">
      <Filter>Source Files\Internal</Filter>
    </ClCompile>
    <ClCompile Include="leansql\delete.c">
      <Filter>Source Files</Filter>
    </ClCompile>
  </ItemGroup>
</Project>